
Microsoft Visual Studio Solution File, Format Version 12.00
# Visual Studio Version 16
VisualStudioVersion = 16.0.30717.126
MinimumVisualStudioVersion = 10.0.40219.1
Project("{FAE04EC0-301F-11D3-BF4B-00C04F79EFBC}") = "CC-IA-2", "CC-IA-2\CC-IA-2.csproj", "{37085E7D-E9AE-46FC-B5E7-CE877D96E1C1}"
EndProject
Global
	GlobalSection(SolutionConfigurationPlatforms) = preSolution
		Debug|Any CPU = Debug|Any CPU
		Release|Any CPU = Release|Any CPU
	EndGlobalSection
	GlobalSection(ProjectConfigurationPlatforms) = postSolution
		{37085E7D-E9AE-46FC-B5E7-CE877D96E1C1}.Debug|Any CPU.ActiveCfg = Debug|Any CPU
		{37085E7D-E9AE-46FC-B5E7-CE877D96E1C1}.Debug|Any CPU.Build.0 = Debug|Any CPU
		{37085E7D-E9AE-46FC-B5E7-CE877D96E1C1}.Release|Any CPU.ActiveCfg = Release|Any CPU
		{37085E7D-E9AE-46FC-B5E7-CE877D96E1C1}.Release|Any CPU.Build.0 = Release|Any CPU
	EndGlobalSection
	GlobalSection(SolutionProperties) = preSolution
		HideSolutionNode = FALSE
	EndGlobalSection
	GlobalSection(ExtensibilityGlobals) = postSolution
		SolutionGuid = {728AFD7B-EDCD-43AB-ADE0-2924F708ECAB}
	EndGlobalSection
EndGlobal
